{
  "originHash" : "9ce9991663e9622e06b2fee2247f894bf59e6d6305a0c64531bbc0af7a2e91ff",
  "pins" : [
    {
      "identity" : "confettiswiftui",
      "kind" : "remoteSourceControl",
      "location" : "https://github.com/simibac/ConfettiSwiftUI.git",
      "state" : {
        "revision" : "77ce21c82cc5fa608ac921a0dea09dd85b5432c7",
        "version" : "2.0.2"
      }
    },
    {
      "identity" : "sticker",
      "kind" : "remoteSourceControl",
      "location" : "https://github.com/bpisano/Sticker.git",
      "state" : {
        "revision" : "301b9e0fb802c01edb2ed25695b3ba62e9c61da3",
        "version" : "1.4.0"
      }
    }
  ],
  "version" : 3
}
